
Microsoft Visual Studio Solution File, Format Version 12.00
# Visual Studio Version 17
VisualStudioVersion = 17.9.34902.65
MinimumVisualStudioVersion = 10.0.40219.1
Project("{FAE04EC0-301F-11D3-BF4B-00C04F79EFBC}") = "WorldAtlas", "WorldAtlas.csproj", "{8B2A421B-C8C5-4ADD-A948-6B6B77B71654}"
EndProject
Global
	GlobalSection(SolutionConfigurationPlatforms) = preSolution
		Debug|Any CPU = Debug|Any CPU
		Release|Any CPU = Release|Any CPU
	EndGlobalSection
	GlobalSection(ProjectConfigurationPlatforms) = postSolution
		{8B2A421B-C8C5-4ADD-A948-6B6B77B71654}.Debug|Any CPU.ActiveCfg = Debug|Any CPU
		{8B2A421B-C8C5-4ADD-A948-6B6B77B71654}.Debug|Any CPU.Build.0 = Debug|Any CPU
		{8B2A421B-C8C5-4ADD-A948-6B6B77B71654}.Release|Any CPU.ActiveCfg = Release|Any CPU
		{8B2A421B-C8C5-4ADD-A948-6B6B77B71654}.Release|Any CPU.Build.0 = Release|Any CPU
	EndGlobalSection
	GlobalSection(SolutionProperties) = preSolution
		HideSolutionNode = FALSE
	EndGlobalSection
	GlobalSection(ExtensibilityGlobals) = postSolution
		SolutionGuid = {59E94FC3-DC21-4BC6-B084-70C496ADB4F8}
	EndGlobalSection
EndGlobal
